// !$*UTF8*$!
{
	archiveVersion = 1;
	classes = {
	};
	objectVersion = 54;
	objects = {

/* Begin PBXBuildFile section */
		13B07FBF1A68108700A75B9A /* Images.xcassets in Resources */ = {isa = PBXBuildFile; fileRef = 13B07FB51A68108700A75B9A /* Images.xcassets */; };
		1821C5572D75B8D7007E6ECA /* InterRegular.ttf in Resources */ = {isa = PBXBuildFile; fileRef = 1821C5512D75B8D7007E6ECA /* InterRegular.ttf */; };
		1821C5582D75B8D7007E6ECA /* InterExtraBold.ttf in Resources */ = {isa = PBXBuildFile; fileRef = 1821C54F2D75B8D7007E6ECA /* InterExtraBold.ttf */; };
		1821C5592D75B8D7007E6ECA /* NotoSans-Regular.ttf in Resources */ = {isa = PBXBuildFile; fileRef = 1821C5542D75B8D7007E6ECA /* NotoSans-Regular.ttf */; };
		1821C55A2D75B8D7007E6ECA /* NotoSans-SBold.ttf in Resources */ = {isa = PBXBuildFile; fileRef = 1821C5552D75B8D7007E6ECA /* NotoSans-SBold.ttf */; };
		1821C55B2D75B8D7007E6ECA /* InterSBold.ttf in Resources */ = {isa = PBXBuildFile; fileRef = 1821C5522D75B8D7007E6ECA /* InterSBold.ttf */; };
		1821C55C2D75B8D7007E6ECA /* InterMedium.ttf in Resources */ = {isa = PBXBuildFile; fileRef = 1821C5502D75B8D7007E6ECA /* InterMedium.ttf */; };
		1821C55E2D75B8D7007E6ECA /* InterBold.ttf in Resources */ = {isa = PBXBuildFile; fileRef = 1821C54E2D75B8D7007E6ECA /* InterBold.ttf */; };
		1821C55F2D75B8D7007E6ECA /* NotoSans-Bold.ttf in Resources */ = {isa = PBXBuildFile; fileRef = 1821C5532D75B8D7007E6ECA /* NotoSans-Bold.ttf */; };
		18605DB72D6762B50090BEDF /* AntDesign.ttf in Resources */ = {isa = PBXBuildFile; fileRef = 183F6CF02D672112004D1158 /* AntDesign.ttf */; };
		18605DB82D6762B50090BEDF /* Entypo.ttf in Resources */ = {isa = PBXBuildFile; fileRef = 183F6CF12D672112004D1158 /* Entypo.ttf */; };
		18605DB92D6762B50090BEDF /* EvilIcons.ttf in Resources */ = {isa = PBXBuildFile; fileRef = 183F6CF22D672112004D1158 /* EvilIcons.ttf */; };
		18605DBA2D6762B50090BEDF /* Feather.ttf in Resources */ = {isa = PBXBuildFile; fileRef = 183F6CF32D672112004D1158 /* Feather.ttf */; };
		18605DBB2D6762B50090BEDF /* FontAwesome.ttf in Resources */ = {isa = PBXBuildFile; fileRef = 183F6CF42D672112004D1158 /* FontAwesome.ttf */; };
		18605DBC2D6762B50090BEDF /* FontAwesome5_Brands.ttf in Resources */ = {isa = PBXBuildFile; fileRef = 183F6CF52D672112004D1158 /* FontAwesome5_Brands.ttf */; };
		18605DBD2D6762B50090BEDF /* FontAwesome5_Regular.ttf in Resources */ = {isa = PBXBuildFile; fileRef = 183F6CF62D672112004D1158 /* FontAwesome5_Regular.ttf */; };
		18605DBE2D6762B50090BEDF /* FontAwesome5_Solid.ttf in Resources */ = {isa = PBXBuildFile; fileRef = 183F6CF72D672112004D1158 /* FontAwesome5_Solid.ttf */; };
		18605DBF2D6762B50090BEDF /* FontAwesome6_Brands.ttf in Resources */ = {isa = PBXBuildFile; fileRef = 183F6CF82D672112004D1158 /* FontAwesome6_Brands.ttf */; };
		18605DC02D6762B50090BEDF /* FontAwesome6_Regular.ttf in Resources */ = {isa = PBXBuildFile; fileRef = 183F6CF92D672112004D1158 /* FontAwesome6_Regular.ttf */; };
		18605DC12D6762B50090BEDF /* FontAwesome6_Solid.ttf in Resources */ = {isa = PBXBuildFile; fileRef = 183F6CFA2D672112004D1158 /* FontAwesome6_Solid.ttf */; };
		18605DC22D6762B50090BEDF /* Fontisto.ttf in Resources */ = {isa = PBXBuildFile; fileRef = 183F6CFB2D672112004D1158 /* Fontisto.ttf */; };
		18605DC32D6762B50090BEDF /* Foundation.ttf in Resources */ = {isa = PBXBuildFile; fileRef = 183F6CFC2D672112004D1158 /* Foundation.ttf */; };
		18605DC42D6762B50090BEDF /* Ionicons.ttf in Resources */ = {isa = PBXBuildFile; fileRef = 183F6CFD2D672112004D1158 /* Ionicons.ttf */; };
		18605DC52D6762B50090BEDF /* MaterialCommunityIcons.ttf in Resources */ = {isa = PBXBuildFile; fileRef = 183F6CFE2D672112004D1158 /* MaterialCommunityIcons.ttf */; };
		18605DC62D6762B50090BEDF /* MaterialIcons.ttf in Resources */ = {isa = PBXBuildFile; fileRef = 183F6CFF2D672112004D1158 /* MaterialIcons.ttf */; };
		18605DC72D6762B50090BEDF /* Octicons.ttf in Resources */ = {isa = PBXBuildFile; fileRef = 183F6D002D672112004D1158 /* Octicons.ttf */; };
		18605DC82D6762B50090BEDF /* SimpleLineIcons.ttf in Resources */ = {isa = PBXBuildFile; fileRef = 183F6D012D672112004D1158 /* SimpleLineIcons.ttf */; };
		18605DC92D6762B50090BEDF /* Zocial.ttf in Resources */ = {isa = PBXBuildFile; fileRef = 183F6D022D672112004D1158 /* Zocial.ttf */; };
		53F8BB301C1E49D39CF0CEB1 /* InterBlack.ttf in Resources */ = {isa = PBXBuildFile; fileRef = 9A931B14CFD14ED9803A6E98 /* InterBlack.ttf */; };
		73B220C0B653B172985F7692 /* PrivacyInfo.xcprivacy in Resources */ = {isa = PBXBuildFile; fileRef = 13B07FB81A68108700A75B9A /* PrivacyInfo.xcprivacy */; };
		761780ED2CA45674006654EE /* AppDelegate.swift in Sources */ = {isa = PBXBuildFile; fileRef = 761780EC2CA45674006654EE /* AppDelegate.swift */; };
		81AB9BB82411601600AC10FF /* LaunchScreen.storyboard in Resources */ = {isa = PBXBuildFile; fileRef = 81AB9BB72411601600AC10FF /* LaunchScreen.storyboard */; };
		C2DFF59CA5245F27B24192AB /* libPods-FXMANAGER.a in Frameworks */ = {isa = PBXBuildFile; fileRef = F72CF080B5309A48291DF397 /* libPods-FXMANAGER.a */; };
/* End PBXBuildFile section */

/* Begin PBXFileReference section */
		003C8C648A4545D39AB9ED94 /* NotoSans-Bold.ttf */ = {isa = PBXFileReference; explicitFileType = undefined; fileEncoding = 9; includeInIndex = 0; lastKnownFileType = unknown; name = "NotoSans-Bold.ttf"; path = "../app/assets/fonts/NotoSans-Bold.ttf"; sourceTree = "<group>"; };
		13B07F961A680F5B00A75B9A /* FXMANAGER.app */ = {isa = PBXFileReference; explicitFileType = wrapper.application; includeInIndex = 0; path = FXMANAGER.app; sourceTree = BUILT_PRODUCTS_DIR; };
		13B07FB51A68108700A75B9A /* Images.xcassets */ = {isa = PBXFileReference; lastKnownFileType = folder.assetcatalog; name = Images.xcassets; path = FXMANAGER/Images.xcassets; sourceTree = "<group>"; };
		13B07FB61A68108700A75B9A /* Info.plist */ = {isa = PBXFileReference; fileEncoding = 4; lastKnownFileType = text.plist.xml; name = Info.plist; path = FXMANAGER/Info.plist; sourceTree = "<group>"; };
		13B07FB81A68108700A75B9A /* PrivacyInfo.xcprivacy */ = {isa = PBXFileReference; fileEncoding = 4; lastKnownFileType = text.plist.xml; name = PrivacyInfo.xcprivacy; path = FXMANAGER/PrivacyInfo.xcprivacy; sourceTree = "<group>"; };
		1821C54D2D75B8D7007E6ECA /* InterBlack.ttf */ = {isa = PBXFileReference; lastKnownFileType = file; path = InterBlack.ttf; sourceTree = "<group>"; };
		1821C54E2D75B8D7007E6ECA /* InterBold.ttf */ = {isa = PBXFileReference; lastKnownFileType = file; path = InterBold.ttf; sourceTree = "<group>"; };
		1821C54F2D75B8D7007E6ECA /* InterExtraBold.ttf */ = {isa = PBXFileReference; lastKnownFileType = file; path = InterExtraBold.ttf; sourceTree = "<group>"; };
		1821C5502D75B8D7007E6ECA /* InterMedium.ttf */ = {isa = PBXFileReference; lastKnownFileType = file; path = InterMedium.ttf; sourceTree = "<group>"; };
		1821C5512D75B8D7007E6ECA /* InterRegular.ttf */ = {isa = PBXFileReference; lastKnownFileType = file; path = InterRegular.ttf; sourceTree = "<group>"; };
		1821C5522D75B8D7007E6ECA /* InterSBold.ttf */ = {isa = PBXFileReference; lastKnownFileType = file; path = InterSBold.ttf; sourceTree = "<group>"; };
		1821C5532D75B8D7007E6ECA /* NotoSans-Bold.ttf */ = {isa = PBXFileReference; lastKnownFileType = file; path = "NotoSans-Bold.ttf"; sourceTree = "<group>"; };
		1821C5542D75B8D7007E6ECA /* NotoSans-Regular.ttf */ = {isa = PBXFileReference; lastKnownFileType = file; path = "NotoSans-Regular.ttf"; sourceTree = "<group>"; };
		1821C5552D75B8D7007E6ECA /* NotoSans-SBold.ttf */ = {isa = PBXFileReference; lastKnownFileType = file; path = "NotoSans-SBold.ttf"; sourceTree = "<group>"; };
		183F6CF02D672112004D1158 /* AntDesign.ttf */ = {isa = PBXFileReference; lastKnownFileType = file; path = AntDesign.ttf; sourceTree = "<group>"; };
		183F6CF12D672112004D1158 /* Entypo.ttf */ = {isa = PBXFileReference; lastKnownFileType = file; path = Entypo.ttf; sourceTree = "<group>"; };
		183F6CF22D672112004D1158 /* EvilIcons.ttf */ = {isa = PBXFileReference; lastKnownFileType = file; path = EvilIcons.ttf; sourceTree = "<group>"; };
		183F6CF32D672112004D1158 /* Feather.ttf */ = {isa = PBXFileReference; lastKnownFileType = file; path = Feather.ttf; sourceTree = "<group>"; };
		183F6CF42D672112004D1158 /* FontAwesome.ttf */ = {isa = PBXFileReference; lastKnownFileType = file; path = FontAwesome.ttf; sourceTree = "<group>"; };
		183F6CF52D672112004D1158 /* FontAwesome5_Brands.ttf */ = {isa = PBXFileReference; lastKnownFileType = file; path = FontAwesome5_Brands.ttf; sourceTree = "<group>"; };
		183F6CF62D672112004D1158 /* FontAwesome5_Regular.ttf */ = {isa = PBXFileReference; lastKnownFileType = file; path = FontAwesome5_Regular.ttf; sourceTree = "<group>"; };
		183F6CF72D672112004D1158 /* FontAwesome5_Solid.ttf */ = {isa = PBXFileReference; lastKnownFileType = file; path = FontAwesome5_Solid.ttf; sourceTree = "<group>"; };
		183F6CF82D672112004D1158 /* FontAwesome6_Brands.ttf */ = {isa = PBXFileReference; lastKnownFileType = file; path = FontAwesome6_Brands.ttf; sourceTree = "<group>"; };
		183F6CF92D672112004D1158 /* FontAwesome6_Regular.ttf */ = {isa = PBXFileReference; lastKnownFileType = file; path = FontAwesome6_Regular.ttf; sourceTree = "<group>"; };
		183F6CFA2D672112004D1158 /* FontAwesome6_Solid.ttf */ = {isa = PBXFileReference; lastKnownFileType = file; path = FontAwesome6_Solid.ttf; sourceTree = "<group>"; };
		183F6CFB2D672112004D1158 /* Fontisto.ttf */ = {isa = PBXFileReference; lastKnownFileType = file; path = Fontisto.ttf; sourceTree = "<group>"; };
		183F6CFC2D672112004D1158 /* Foundation.ttf */ = {isa = PBXFileReference; lastKnownFileType = file; path = Foundation.ttf; sourceTree = "<group>"; };
		183F6CFD2D672112004D1158 /* Ionicons.ttf */ = {isa = PBXFileReference; lastKnownFileType = file; path = Ionicons.ttf; sourceTree = "<group>"; };
		183F6CFE2D672112004D1158 /* MaterialCommunityIcons.ttf */ = {isa = PBXFileReference; lastKnownFileType = file; path = MaterialCommunityIcons.ttf; sourceTree = "<group>"; };
		183F6CFF2D672112004D1158 /* MaterialIcons.ttf */ = {isa = PBXFileReference; lastKnownFileType = file; path = MaterialIcons.ttf; sourceTree = "<group>"; };
		183F6D002D672112004D1158 /* Octicons.ttf */ = {isa = PBXFileReference; lastKnownFileType = file; path = Octicons.ttf; sourceTree = "<group>"; };
		183F6D012D672112004D1158 /* SimpleLineIcons.ttf */ = {isa = PBXFileReference; lastKnownFileType = file; path = SimpleLineIcons.ttf; sourceTree = "<group>"; };
		183F6D022D672112004D1158 /* Zocial.ttf */ = {isa = PBXFileReference; lastKnownFileType = file; path = Zocial.ttf; sourceTree = "<group>"; };
		2984E260EE75418A998FD6B2 /* NotoSans-SBold.ttf */ = {isa = PBXFileReference; explicitFileType = undefined; fileEncoding = 9; includeInIndex = 0; lastKnownFileType = unknown; name = "NotoSans-SBold.ttf"; path = "../app/assets/fonts/NotoSans-SBold.ttf"; sourceTree = "<group>"; };
		36FA286DD32F5A39555BC5C3 /* Pods-FXMANAGER.release.xcconfig */ = {isa = PBXFileReference; includeInIndex = 1; lastKnownFileType = text.xcconfig; name = "Pods-FXMANAGER.release.xcconfig"; path = "Target Support Files/Pods-FXMANAGER/Pods-FXMANAGER.release.xcconfig"; sourceTree = "<group>"; };
		5E4CD4DF9CD74458B524E307 /* InterMedium.ttf */ = {isa = PBXFileReference; explicitFileType = undefined; fileEncoding = 9; includeInIndex = 0; lastKnownFileType = unknown; name = InterMedium.ttf; path = ../app/assets/fonts/InterMedium.ttf; sourceTree = "<group>"; };
		6AB90E47659E48F79F64473A /* InterBold.ttf */ = {isa = PBXFileReference; explicitFileType = undefined; fileEncoding = 9; includeInIndex = 0; lastKnownFileType = unknown; name = InterBold.ttf; path = ../app/assets/fonts/InterBold.ttf; sourceTree = "<group>"; };
		7539FF81B31DEAA536089EBA /* Pods-FXMANAGER.debug.xcconfig */ = {isa = PBXFileReference; includeInIndex = 1; lastKnownFileType = text.xcconfig; name = "Pods-FXMANAGER.debug.xcconfig"; path = "Target Support Files/Pods-FXMANAGER/Pods-FXMANAGER.debug.xcconfig"; sourceTree = "<group>"; };
		761780EC2CA45674006654EE /* AppDelegate.swift */ = {isa = PBXFileReference; lastKnownFileType = sourcecode.swift; name = AppDelegate.swift; path = FXMANAGER/AppDelegate.swift; sourceTree = "<group>"; };
		7DACE58AE7FE4DB5B16D9CB8 /* InterExtraBold.ttf */ = {isa = PBXFileReference; explicitFileType = undefined; fileEncoding = 9; includeInIndex = 0; lastKnownFileType = unknown; name = InterExtraBold.ttf; path = ../app/assets/fonts/InterExtraBold.ttf; sourceTree = "<group>"; };
		81AB9BB72411601600AC10FF /* LaunchScreen.storyboard */ = {isa = PBXFileReference; fileEncoding = 4; lastKnownFileType = file.storyboard; name = LaunchScreen.storyboard; path = FXMANAGER/LaunchScreen.storyboard; sourceTree = "<group>"; };
		827498B9CA0D436D94F45BC9 /* NotoSans-Regular.ttf */ = {isa = PBXFileReference; explicitFileType = undefined; fileEncoding = 9; includeInIndex = 0; lastKnownFileType = unknown; name = "NotoSans-Regular.ttf"; path = "../app/assets/fonts/NotoSans-Regular.ttf"; sourceTree = "<group>"; };
		900100F4F47848CA98DDAAC4 /* InterSBold.ttf */ = {isa = PBXFileReference; explicitFileType = undefined; fileEncoding = 9; includeInIndex = 0; lastKnownFileType = unknown; name = InterSBold.ttf; path = ../app/assets/fonts/InterSBold.ttf; sourceTree = "<group>"; };
		96BB130ADDFD47D392830C99 /* InterRegular.ttf */ = {isa = PBXFileReference; explicitFileType = undefined; fileEncoding = 9; includeInIndex = 0; lastKnownFileType = unknown; name = InterRegular.ttf; path = ../app/assets/fonts/InterRegular.ttf; sourceTree = "<group>"; };
		9A931B14CFD14ED9803A6E98 /* InterBlack.ttf */ = {isa = PBXFileReference; explicitFileType = undefined; fileEncoding = 9; includeInIndex = 0; lastKnownFileType = unknown; name = InterBlack.ttf; path = ../app/assets/fonts/InterBlack.ttf; sourceTree = "<group>"; };
		ED297162215061F000B7C4FE /* JavaScriptCore.framework */ = {isa = PBXFileReference; lastKnownFileType = wrapper.framework; name = JavaScriptCore.framework; path = System/Library/Frameworks/JavaScriptCore.framework; sourceTree = SDKROOT; };
		F72CF080B5309A48291DF397 /* libPods-FXMANAGER.a */ = {isa = PBXFileReference; explicitFileType = archive.ar; includeInIndex = 0; path = "libPods-FXMANAGER.a"; sourceTree = BUILT_PRODUCTS_DIR; };
/* End PBXFileReference section */

/* Begin PBXFrameworksBuildPhase section */
		13B07F8C1A680F5B00A75B9A /* Frameworks */ = {
			isa = PBXFrameworksBuildPhase;
			buildActionMask = 2147483647;
			files = (
				C2DFF59CA5245F27B24192AB /* libPods-FXMANAGER.a in Frameworks */,
			);
			runOnlyForDeploymentPostprocessing = 0;
		};
/* End PBXFrameworksBuildPhase section */

/* Begin PBXGroup section */
		13B07FAE1A68108700A75B9A /* FXMANAGER */ = {
			isa = PBXGroup;
			children = (
				13B07FB51A68108700A75B9A /* Images.xcassets */,
				761780EC2CA45674006654EE /* AppDelegate.swift */,
				13B07FB61A68108700A75B9A /* Info.plist */,
				81AB9BB72411601600AC10FF /* LaunchScreen.storyboard */,
				13B07FB81A68108700A75B9A /* PrivacyInfo.xcprivacy */,
			);
			name = FXMANAGER;
			sourceTree = "<group>";
		};
		183F6D032D672112004D1158 /* Fonts */ = {
			isa = PBXGroup;
			children = (
				1821C54D2D75B8D7007E6ECA /* InterBlack.ttf */,
				1821C54E2D75B8D7007E6ECA /* InterBold.ttf */,
				1821C54F2D75B8D7007E6ECA /* InterExtraBold.ttf */,
				1821C5502D75B8D7007E6ECA /* InterMedium.ttf */,
				1821C5512D75B8D7007E6ECA /* InterRegular.ttf */,
				1821C5522D75B8D7007E6ECA /* InterSBold.ttf */,
				1821C5532D75B8D7007E6ECA /* NotoSans-Bold.ttf */,
				1821C5542D75B8D7007E6ECA /* NotoSans-Regular.ttf */,
				1821C5552D75B8D7007E6ECA /* NotoSans-SBold.ttf */,
				183F6CF02D672112004D1158 /* AntDesign.ttf */,
				183F6CF12D672112004D1158 /* Entypo.ttf */,
				183F6CF22D672112004D1158 /* EvilIcons.ttf */,
				183F6CF32D672112004D1158 /* Feather.ttf */,
				183F6CF42D672112004D1158 /* FontAwesome.ttf */,
				183F6CF52D672112004D1158 /* FontAwesome5_Brands.ttf */,
				183F6CF62D672112004D1158 /* FontAwesome5_Regular.ttf */,
				183F6CF72D672112004D1158 /* FontAwesome5_Solid.ttf */,
				183F6CF82D672112004D1158 /* FontAwesome6_Brands.ttf */,
				183F6CF92D672112004D1158 /* FontAwesome6_Regular.ttf */,
				183F6CFA2D672112004D1158 /* FontAwesome6_Solid.ttf */,
				183F6CFB2D672112004D1158 /* Fontisto.ttf */,
				183F6CFC2D672112004D1158 /* Foundation.ttf */,
				183F6CFD2D672112004D1158 /* Ionicons.ttf */,
				183F6CFE2D672112004D1158 /* MaterialCommunityIcons.ttf */,
				183F6CFF2D672112004D1158 /* MaterialIcons.ttf */,
				183F6D002D672112004D1158 /* Octicons.ttf */,
				183F6D012D672112004D1158 /* SimpleLineIcons.ttf */,
				183F6D022D672112004D1158 /* Zocial.ttf */,
			);
			path = Fonts;
			sourceTree = "<group>";
		};
		2C7A560BEFD0437EA601F438 /* Resources */ = {
			isa = PBXGroup;
			children = (
				9A931B14CFD14ED9803A6E98 /* InterBlack.ttf */,
				6AB90E47659E48F79F64473A /* InterBold.ttf */,
				7DACE58AE7FE4DB5B16D9CB8 /* InterExtraBold.ttf */,
				5E4CD4DF9CD74458B524E307 /* InterMedium.ttf */,
				96BB130ADDFD47D392830C99 /* InterRegular.ttf */,
				900100F4F47848CA98DDAAC4 /* InterSBold.ttf */,
				003C8C648A4545D39AB9ED94 /* NotoSans-Bold.ttf */,
				827498B9CA0D436D94F45BC9 /* NotoSans-Regular.ttf */,
				2984E260EE75418A998FD6B2 /* NotoSans-SBold.ttf */,
			);
			name = Resources;
			sourceTree = "<group>";
		};
		2D16E6871FA4F8E400B85C8A /* Frameworks */ = {
			isa = PBXGroup;
			children = (
				ED297162215061F000B7C4FE /* JavaScriptCore.framework */,
				F72CF080B5309A48291DF397 /* libPods-FXMANAGER.a */,
			);
			name = Frameworks;
			sourceTree = "<group>";
		};
		832341AE1AAA6A7D00B99B32 /* Libraries */ = {
			isa = PBXGroup;
			children = (
			);
			name = Libraries;
			sourceTree = "<group>";
		};
		83CBB9F61A601CBA00E9B192 = {
			isa = PBXGroup;
			children = (
				183F6D032D672112004D1158 /* Fonts */,
				13B07FAE1A68108700A75B9A /* FXMANAGER */,
				832341AE1AAA6A7D00B99B32 /* Libraries */,
				83CBBA001A601CBA00E9B192 /* Products */,
				2D16E6871FA4F8E400B85C8A /* Frameworks */,
				BBD78D7AC51CEA395F1C20DB /* Pods */,
				2C7A560BEFD0437EA601F438 /* Resources */,
			);
			indentWidth = 2;
			sourceTree = "<group>";
			tabWidth = 2;
			usesTabs = 0;
		};
		83CBBA001A601CBA00E9B192 /* Products */ = {
			isa = PBXGroup;
			children = (
				13B07F961A680F5B00A75B9A /* FXMANAGER.app */,
			);
			name = Products;
			sourceTree = "<group>";
		};
		BBD78D7AC51CEA395F1C20DB /* Pods */ = {
			isa = PBXGroup;
			children = (
				7539FF81B31DEAA536089EBA /* Pods-FXMANAGER.debug.xcconfig */,
				36FA286DD32F5A39555BC5C3 /* Pods-FXMANAGER.release.xcconfig */,
			);
			path = Pods;
			sourceTree = "<group>";
		};
/* End PBXGroup section */

/* Begin PBXNativeTarget section */
		13B07F861A680F5B00A75B9A /* FXMANAGER */ = {
			isa = PBXNativeTarget;
			buildConfigurationList = 13B07F931A680F5B00A75B9A /* Build configuration list for PBXNativeTarget "FXMANAGER" */;
			buildPhases = (
				270E3BFA7F2442D8A3BDD2B4 /* [CP] Check Pods Manifest.lock */,
				13B07F871A680F5B00A75B9A /* Sources */,
				13B07F8C1A680F5B00A75B9A /* Frameworks */,
				13B07F8E1A680F5B00A75B9A /* Resources */,
				00DD1BFF1BD5951E006B06BC /* Bundle React Native code and images */,
				E66ED5C32539924A9DDFAD62 /* [CP] Embed Pods Frameworks */,
				266710F19601E8EFBAFDCB64 /* [CP] Copy Pods Resources */,
			);
			buildRules = (
			);
			dependencies = (
			);
			name = FXMANAGER;
			productName = FXMANAGER;
			productReference = 13B07F961A680F5B00A75B9A /* FXMANAGER.app */;
			productType = "com.apple.product-type.application";
		};
/* End PBXNativeTarget section */

/* Begin PBXProject section */
		83CBB9F71A601CBA00E9B192 /* Project object */ = {
			isa = PBXProject;
			attributes = {
				BuildIndependentTargetsInParallel = YES;
				LastUpgradeCheck = 1620;
				TargetAttributes = {
					13B07F861A680F5B00A75B9A = {
						LastSwiftMigration = 1120;
					};
				};
			};
			buildConfigurationList = 83CBB9FA1A601CBA00E9B192 /* Build configuration list for PBXProject "FXMANAGER" */;
			compatibilityVersion = "Xcode 12.0";
			developmentRegion = en;
			hasScannedForEncodings = 0;
			knownRegions = (
				en,
				Base,
			);
			mainGroup = 83CBB9F61A601CBA00E9B192;
			productRefGroup = 83CBBA001A601CBA00E9B192 /* Products */;
			projectDirPath = "";
			projectRoot = "";
			targets = (
				13B07F861A680F5B00A75B9A /* FXMANAGER */,
			);
		};
/* End PBXProject section */

/* Begin PBXResourcesBuildPhase section */
		13B07F8E1A680F5B00A75B9A /* Resources */ = {
			isa = PBXResourcesBuildPhase;
			buildActionMask = 2147483647;
			files = (
				18605DB72D6762B50090BEDF /* AntDesign.ttf in Resources */,
				18605DB82D6762B50090BEDF /* Entypo.ttf in Resources */,
				18605DB92D6762B50090BEDF /* EvilIcons.ttf in Resources */,
				18605DBA2D6762B50090BEDF /* Feather.ttf in Resources */,
				18605DBB2D6762B50090BEDF /* FontAwesome.ttf in Resources */,
				18605DBC2D6762B50090BEDF /* FontAwesome5_Brands.ttf in Resources */,
				18605DBD2D6762B50090BEDF /* FontAwesome5_Regular.ttf in Resources */,
				18605DBE2D6762B50090BEDF /* FontAwesome5_Solid.ttf in Resources */,
				18605DBF2D6762B50090BEDF /* FontAwesome6_Brands.ttf in Resources */,
				18605DC02D6762B50090BEDF /* FontAwesome6_Regular.ttf in Resources */,
				18605DC12D6762B50090BEDF /* FontAwesome6_Solid.ttf in Resources */,
				18605DC22D6762B50090BEDF /* Fontisto.ttf in Resources */,
				18605DC32D6762B50090BEDF /* Foundation.ttf in Resources */,
				18605DC42D6762B50090BEDF /* Ionicons.ttf in Resources */,
				18605DC52D6762B50090BEDF /* MaterialCommunityIcons.ttf in Resources */,
				18605DC62D6762B50090BEDF /* MaterialIcons.ttf in Resources */,
				1821C5572D75B8D7007E6ECA /* InterRegular.ttf in Resources */,
				1821C5582D75B8D7007E6ECA /* InterExtraBold.ttf in Resources */,
				1821C5592D75B8D7007E6ECA /* NotoSans-Regular.ttf in Resources */,
				1821C55A2D75B8D7007E6ECA /* NotoSans-SBold.ttf in Resources */,
				1821C55B2D75B8D7007E6ECA /* InterSBold.ttf in Resources */,
				1821C55C2D75B8D7007E6ECA /* InterMedium.ttf in Resources */,
				1821C55E2D75B8D7007E6ECA /* InterBold.ttf in Resources */,
				1821C55F2D75B8D7007E6ECA /* NotoSans-Bold.ttf in Resources */,
				18605DC72D6762B50090BEDF /* Octicons.ttf in Resources */,
				18605DC82D6762B50090BEDF /* SimpleLineIcons.ttf in Resources */,
				18605DC92D6762B50090BEDF /* Zocial.ttf in Resources */,
				81AB9BB82411601600AC10FF /* LaunchScreen.storyboard in Resources */,
				13B07FBF1A68108700A75B9A /* Images.xcassets in Resources */,
				73B220C0B653B172985F7692 /* PrivacyInfo.xcprivacy in Resources */,
				53F8BB301C1E49D39CF0CEB1 /* InterBlack.ttf in Resources */,
			);
			runOnlyForDeploymentPostprocessing = 0;
		};
/* End PBXResourcesBuildPhase section */

/* Begin PBXShellScriptBuildPhase section */
		00DD1BFF1BD5951E006B06BC /* Bundle React Native code and images */ = {
			isa = PBXShellScriptBuildPhase;
			buildActionMask = 2147483647;
			files = (
			);
			inputPaths = (
				"$(SRCROOT)/.xcode.env.local",
				"$(SRCROOT)/.xcode.env",
			);
			name = "Bundle React Native code and images";
			outputPaths = (
			);
			runOnlyForDeploymentPostprocessing = 0;
			shellPath = /bin/sh;
			shellScript = "set -e\n\nWITH_ENVIRONMENT=\"$REACT_NATIVE_PATH/scripts/xcode/with-environment.sh\"\nREACT_NATIVE_XCODE=\"$REACT_NATIVE_PATH/scripts/react-native-xcode.sh\"\n\n/bin/sh -c \"$WITH_ENVIRONMENT $REACT_NATIVE_XCODE\"\n";
		};
		266710F19601E8EFBAFDCB64 /* [CP] Copy Pods Resources */ = {
			isa = PBXShellScriptBuildPhase;
			buildActionMask = 2147483647;
			files = (
			);
			inputFileListPaths = (
				"${PODS_ROOT}/Target Support Files/Pods-FXMANAGER/Pods-FXMANAGER-resources-${CONFIGURATION}-input-files.xcfilelist",
			);
			name = "[CP] Copy Pods Resources";
			outputFileListPaths = (
				"${PODS_ROOT}/Target Support Files/Pods-FXMANAGER/Pods-FXMANAGER-resources-${CONFIGURATION}-output-files.xcfilelist",
			);
			runOnlyForDeploymentPostprocessing = 0;
			shellPath = /bin/sh;
			shellScript = "\"${PODS_ROOT}/Target Support Files/Pods-FXMANAGER/Pods-FXMANAGER-resources.sh\"\n";
			showEnvVarsInLog = 0;
		};
		270E3BFA7F2442D8A3BDD2B4 /* [CP] Check Pods Manifest.lock */ = {
			isa = PBXShellScriptBuildPhase;
			buildActionMask = 2147483647;
			files = (
			);
			inputFileListPaths = (
			);
			inputPaths = (
				"${PODS_PODFILE_DIR_PATH}/Podfile.lock",
				"${PODS_ROOT}/Manifest.lock",
			);
			name = "[CP] Check Pods Manifest.lock";
			outputFileListPaths = (
			);
			outputPaths = (
				"$(DERIVED_FILE_DIR)/Pods-FXMANAGER-checkManifestLockResult.txt",
			);
			runOnlyForDeploymentPostprocessing = 0;
			shellPath = /bin/sh;
			shellScript = "diff \"${PODS_PODFILE_DIR_PATH}/Podfile.lock\" \"${PODS_ROOT}/Manifest.lock\" > /dev/null\nif [ $? != 0 ] ; then\n    # print error to STDERR\n    echo \"error: The sandbox is not in sync with the Podfile.lock. Run 'pod install' or update your CocoaPods installation.\" >&2\n    exit 1\nfi\n# This output is used by Xcode 'outputs' to avoid re-running this script phase.\necho \"SUCCESS\" > \"${SCRIPT_OUTPUT_FILE_0}\"\n";
			showEnvVarsInLog = 0;
		};
		E66ED5C32539924A9DDFAD62 /* [CP] Embed Pods Frameworks */ = {
			isa = PBXShellScriptBuildPhase;
			buildActionMask = 2147483647;
			files = (
			);
			inputFileListPaths = (
				"${PODS_ROOT}/Target Support Files/Pods-FXMANAGER/Pods-FXMANAGER-frameworks-${CONFIGURATION}-input-files.xcfilelist",
			);
			name = "[CP] Embed Pods Frameworks";
			outputFileListPaths = (
				"${PODS_ROOT}/Target Support Files/Pods-FXMANAGER/Pods-FXMANAGER-frameworks-${CONFIGURATION}-output-files.xcfilelist",
			);
			runOnlyForDeploymentPostprocessing = 0;
			shellPath = /bin/sh;
			shellScript = "\"${PODS_ROOT}/Target Support Files/Pods-FXMANAGER/Pods-FXMANAGER-frameworks.sh\"\n";
			showEnvVarsInLog = 0;
		};
/* End PBXShellScriptBuildPhase section */

/* Begin PBXSourcesBuildPhase section */
		13B07F871A680F5B00A75B9A /* Sources */ = {
			isa = PBXSourcesBuildPhase;
			buildActionMask = 2147483647;
			files = (
				761780ED2CA45674006654EE /* AppDelegate.swift in Sources */,
			);
			runOnlyForDeploymentPostprocessing = 0;
		};
/* End PBXSourcesBuildPhase section */

/* Begin XCBuildConfiguration section */
		13B07F941A680F5B00A75B9A /* Debug */ = {
			isa = XCBuildConfiguration;
			baseConfigurationReference = 7539FF81B31DEAA536089EBA /* Pods-FXMANAGER.debug.xcconfig */;
			buildSettings = {
				ALLOW_TARGET_PLATFORM_SPECIALIZATION = YES;
				ASSETCATALOG_COMPILER_APPICON_NAME = AppIcon;
				CLANG_ENABLE_MODULES = YES;
				CODE_SIGN_IDENTITY = "Apple Development";
				CODE_SIGN_STYLE = Automatic;
				COPY_PHASE_STRIP = YES;
				CURRENT_PROJECT_VERSION = 1;
				DEVELOPMENT_TEAM = WR8K6C7YS8;
				ENABLE_BITCODE = NO;
				ENABLE_TESTING_SEARCH_PATHS = YES;
				ENABLE_USER_SCRIPT_SANDBOXING = NO;
				INFOPLIST_FILE = FXMANAGER/Info.plist;
				IPHONEOS_DEPLOYMENT_TARGET = 15.1;
				LD_RUNPATH_SEARCH_PATHS = (
					"$(inherited)",
					"@executable_path/Frameworks",
				);
				MARKETING_VERSION = 1.0;
				OTHER_LDFLAGS = (
					"$(inherited)",
					"-ObjC",
					"-lc++",
				);
				PRODUCT_BUNDLE_IDENTIFIER = "org.reactjs.native.example.$(PRODUCT_NAME:rfc1034identifier)";
				PRODUCT_NAME = FXMANAGER;
				PROVISIONING_PROFILE_SPECIFIER = "";
				SUPPORTED_PLATFORMS = "iphoneos iphonesimulator";
				SUPPORTS_MACCATALYST = NO;
				SWIFT_OPTIMIZATION_LEVEL = "-Onone";
				SWIFT_VERSION = 5.0;
				TARGETED_DEVICE_FAMILY = "1,2";
				VERSIONING_SYSTEM = "apple-generic";
			};
			name = Debug;
		};
		13B07F951A680F5B00A75B9A /* Release */ = {
			isa = XCBuildConfiguration;
			baseConfigurationReference = 36FA286DD32F5A39555BC5C3 /* Pods-FXMANAGER.release.xcconfig */;
			buildSettings = {
				ALLOW_TARGET_PLATFORM_SPECIALIZATION = YES;
				ASSETCATALOG_COMPILER_APPICON_NAME = AppIcon;
				CLANG_ENABLE_MODULES = YES;
				CODE_SIGN_IDENTITY = "Apple Development";
				CODE_SIGN_STYLE = Automatic;
				CURRENT_PROJECT_VERSION = 1;
				DEVELOPMENT_TEAM = WR8K6C7YS8;
				ENABLE_TESTABILITY = YES;
				ENABLE_TESTING_SEARCH_PATHS = YES;
				ENABLE_USER_SCRIPT_SANDBOXING = NO;
				INFOPLIST_FILE = FXMANAGER/Info.plist;
				IPHONEOS_DEPLOYMENT_TARGET = 15.1;
				LD_RUNPATH_SEARCH_PATHS = (
					"$(inherited)",
					"@executable_path/Frameworks",
				);
				MARKETING_VERSION = 1.0;
				OTHER_LDFLAGS = (
					"$(inherited)",
					"-ObjC",
					"-lc++",
				);
				PRODUCT_BUNDLE_IDENTIFIER = "org.reactjs.native.example.$(PRODUCT_NAME:rfc1034identifier)";
				PRODUCT_NAME = FXMANAGER;
				PROVISIONING_PROFILE_SPECIFIER = "";
				SUPPORTED_PLATFORMS = "iphoneos iphonesimulator";
				SUPPORTS_MACCATALYST = NO;
				SWIFT_VERSION = 5.0;
				TARGETED_DEVICE_FAMILY = "1,2";
				VERSIONING_SYSTEM = "apple-generic";
			};
			name = Release;
		};
		83CBBA201A601CBA00E9B192 /* Debug */ = {
			isa = XCBuildConfiguration;
			buildSettings = {
				ALWAYS_SEARCH_USER_PATHS = NO;
				ASSETCATALOG_COMPILER_GENERATE_SWIFT_ASSET_SYMBOL_EXTENSIONS = YES;
				CLANG_ANALYZER_LOCALIZABILITY_NONLOCALIZED = YES;
				CLANG_CXX_LANGUAGE_STANDARD = "c++20";
				CLANG_CXX_LIBRARY = "libc++";
				CLANG_ENABLE_MODULES = YES;
				CLANG_ENABLE_OBJC_ARC = YES;
				CLANG_WARN_BLOCK_CAPTURE_AUTORELEASING = YES;
				CLANG_WARN_BOOL_CONVERSION = YES;
				CLANG_WARN_COMMA = YES;
				CLANG_WARN_CONSTANT_CONVERSION = YES;
				CLANG_WARN_DEPRECATED_OBJC_IMPLEMENTATIONS = YES;
				CLANG_WARN_DIRECT_OBJC_ISA_USAGE = YES_ERROR;
				CLANG_WARN_EMPTY_BODY = YES;
				CLANG_WARN_ENUM_CONVERSION = YES;
				CLANG_WARN_INFINITE_RECURSION = YES;
				CLANG_WARN_INT_CONVERSION = YES;
				CLANG_WARN_NON_LITERAL_NULL_CONVERSION = YES;
				CLANG_WARN_OBJC_IMPLICIT_RETAIN_SELF = YES;
				CLANG_WARN_OBJC_LITERAL_CONVERSION = YES;
				CLANG_WARN_OBJC_ROOT_CLASS = YES_ERROR;
				CLANG_WARN_QUOTED_INCLUDE_IN_FRAMEWORK_HEADER = YES;
				CLANG_WARN_RANGE_LOOP_ANALYSIS = YES;
				CLANG_WARN_STRICT_PROTOTYPES = YES;
				CLANG_WARN_SUSPICIOUS_MOVE = YES;
				CLANG_WARN_UNREACHABLE_CODE = YES;
				CLANG_WARN__DUPLICATE_METHOD_MATCH = YES;
				"CODE_SIGN_IDENTITY[sdk=iphoneos*]" = "iPhone Developer";
				COPY_PHASE_STRIP = NO;
				ENABLE_STRICT_OBJC_MSGSEND = YES;
				ENABLE_TESTABILITY = YES;
				ENABLE_USER_SCRIPT_SANDBOXING = YES;
				"EXCLUDED_ARCHS[sdk=iphonesimulator*]" = "";
				GCC_C_LANGUAGE_STANDARD = gnu99;
				GCC_DYNAMIC_NO_PIC = NO;
				GCC_NO_COMMON_BLOCKS = YES;
				GCC_OPTIMIZATION_LEVEL = 0;
				GCC_PREPROCESSOR_DEFINITIONS = (
					"DEBUG=1",
					"$(inherited)",
				);
				GCC_SYMBOLS_PRIVATE_EXTERN = NO;
				GCC_WARN_64_TO_32_BIT_CONVERSION = YES;
				GCC_WARN_ABOUT_RETURN_TYPE = YES_ERROR;
				GCC_WARN_UNDECLARED_SELECTOR = NO;
				GCC_WARN_UNINITIALIZED_AUTOS = YES_AGGRESSIVE;
				GCC_WARN_UNUSED_FUNCTION = YES;
				GCC_WARN_UNUSED_VARIABLE = YES;
				IPHONEOS_DEPLOYMENT_TARGET = 15.1;
				LD_RUNPATH_SEARCH_PATHS = (
					/usr/lib/swift,
					"$(inherited)",
				);
				LIBRARY_SEARCH_PATHS = (
					"\"$(SDKROOT)/usr/lib/swift\"",
					"\"$(TOOLCHAIN_DIR)/usr/lib/swift/$(PLATFORM_NAME)\"",
					"\"$(inherited)\"",
				);
				MTL_ENABLE_DEBUG_INFO = YES;
				ONLY_ACTIVE_ARCH = YES;
				OTHER_CPLUSPLUSFLAGS = (
					"$(OTHER_CFLAGS)",
					"-DFOLLY_NO_CONFIG",
					"-DFOLLY_MOBILE=1",
					"-DFOLLY_USE_LIBCPP=1",
					"-DFOLLY_CFG_NO_COROUTINES=1",
					"-DFOLLY_HAVE_CLOCK_GETTIME=1",
				);
				OTHER_LDFLAGS = (
					"$(inherited)",
					" ",
				);
				REACT_NATIVE_PATH = "${PODS_ROOT}/../../node_modules/react-native";
				SDKROOT = iphoneos;
				SWIFT_ACTIVE_COMPILATION_CONDITIONS = "$(inherited) DEBUG";
				USE_HERMES = true;
			};
			name = Debug;
		};
		83CBBA211A601CBA00E9B192 /* Release */ = {
			isa = XCBuildConfiguration;
			buildSettings = {
				ALWAYS_SEARCH_USER_PATHS = NO;
				ASSETCATALOG_COMPILER_GENERATE_SWIFT_ASSET_SYMBOL_EXTENSIONS = YES;
				CLANG_ANALYZER_LOCALIZABILITY_NONLOCALIZED = YES;
				CLANG_CXX_LANGUAGE_STANDARD = "c++20";
				CLANG_CXX_LIBRARY = "libc++";
				CLANG_ENABLE_MODULES = YES;
				CLANG_ENABLE_OBJC_ARC = YES;
				CLANG_WARN_BLOCK_CAPTURE_AUTORELEASING = YES;
				CLANG_WARN_BOOL_CONVERSION = YES;
				CLANG_WARN_COMMA = YES;
				CLANG_WARN_CONSTANT_CONVERSION = YES;
				CLANG_WARN_DEPRECATED_OBJC_IMPLEMENTATIONS = YES;
				CLANG_WARN_DIRECT_OBJC_ISA_USAGE = YES_ERROR;
				CLANG_WARN_EMPTY_BODY = YES;
				CLANG_WARN_ENUM_CONVERSION = YES;
				CLANG_WARN_INFINITE_RECURSION = YES;
				CLANG_WARN_INT_CONVERSION = YES;
				CLANG_WARN_NON_LITERAL_NULL_CONVERSION = YES;
				CLANG_WARN_OBJC_IMPLICIT_RETAIN_SELF = YES;
				CLANG_WARN_OBJC_LITERAL_CONVERSION = YES;
				CLANG_WARN_OBJC_ROOT_CLASS = YES_ERROR;
				CLANG_WARN_QUOTED_INCLUDE_IN_FRAMEWORK_HEADER = YES;
				CLANG_WARN_RANGE_LOOP_ANALYSIS = YES;
				CLANG_WARN_STRICT_PROTOTYPES = YES;
				CLANG_WARN_SUSPICIOUS_MOVE = YES;
				CLANG_WARN_UNREACHABLE_CODE = YES;
				CLANG_WARN__DUPLICATE_METHOD_MATCH = YES;
				"CODE_SIGN_IDENTITY[sdk=iphoneos*]" = "iPhone Developer";
				COPY_PHASE_STRIP = YES;
				ENABLE_NS_ASSERTIONS = NO;
				ENABLE_STRICT_OBJC_MSGSEND = YES;
				ENABLE_USER_SCRIPT_SANDBOXING = YES;
				"EXCLUDED_ARCHS[sdk=iphonesimulator*]" = "";
				GCC_C_LANGUAGE_STANDARD = gnu99;
				GCC_NO_COMMON_BLOCKS = YES;
				GCC_WARN_64_TO_32_BIT_CONVERSION = YES;
				GCC_WARN_ABOUT_RETURN_TYPE = YES_ERROR;
				GCC_WARN_UNDECLARED_SELECTOR = NO;
				GCC_WARN_UNINITIALIZED_AUTOS = YES_AGGRESSIVE;
				GCC_WARN_UNUSED_FUNCTION = YES;
				GCC_WARN_UNUSED_VARIABLE = YES;
				IPHONEOS_DEPLOYMENT_TARGET = 15.1;
				LD_RUNPATH_SEARCH_PATHS = (
					/usr/lib/swift,
					"$(inherited)",
				);
				LIBRARY_SEARCH_PATHS = (
					"\"$(SDKROOT)/usr/lib/swift\"",
					"\"$(TOOLCHAIN_DIR)/usr/lib/swift/$(PLATFORM_NAME)\"",
					"\"$(inherited)\"",
				);
				MTL_ENABLE_DEBUG_INFO = NO;
				OTHER_CPLUSPLUSFLAGS = (
					"$(OTHER_CFLAGS)",
					"-DFOLLY_NO_CONFIG",
					"-DFOLLY_MOBILE=1",
					"-DFOLLY_USE_LIBCPP=1",
					"-DFOLLY_CFG_NO_COROUTINES=1",
					"-DFOLLY_HAVE_CLOCK_GETTIME=1",
				);
				OTHER_LDFLAGS = (
					"$(inherited)",
					" ",
				);
				REACT_NATIVE_PATH = "${PODS_ROOT}/../../node_modules/react-native";
				SDKROOT = iphoneos;
				SWIFT_COMPILATION_MODE = wholemodule;
				USE_HERMES = true;
				VALIDATE_PRODUCT = YES;
			};
			name = Release;
		};
/* End XCBuildConfiguration section */

/* Begin XCConfigurationList section */
		13B07F931A680F5B00A75B9A /* Build configuration list for PBXNativeTarget "FXMANAGER" */ = {
			isa = XCConfigurationList;
			buildConfigurations = (
				13B07F941A680F5B00A75B9A /* Debug */,
				13B07F951A680F5B00A75B9A /* Release */,
			);
			defaultConfigurationIsVisible = 0;
			defaultConfigurationName = Release;
		};
		83CBB9FA1A601CBA00E9B192 /* Build configuration list for PBXProject "FXMANAGER" */ = {
			isa = XCConfigurationList;
			buildConfigurations = (
				83CBBA201A601CBA00E9B192 /* Debug */,
				83CBBA211A601CBA00E9B192 /* Release */,
			);
			defaultConfigurationIsVisible = 0;
			defaultConfigurationName = Release;
		};
/* End XCConfigurationList section */
	};
	rootObject = 83CBB9F71A601CBA00E9B192 /* Project object */;
}
